
Microsoft Visual Studio Solution File, Format Version 12.00
# Visual Studio Version 17
VisualStudioVersion = 17.0.31903.59
MinimumVisualStudioVersion = 10.0.40219.1
Project("{FAE04EC0-301F-11D3-BF4B-00C04F79EFBC}") = "Laba_5", "Laba_5\Laba_5.csproj", "{74445C90-5320-4612-90A2-3CD09E34146A}"
EndProject
Global
	GlobalSection(SolutionConfigurationPlatforms) = preSolution
		Debug|Any CPU = Debug|Any CPU
		Release|Any CPU = Release|Any CPU
	EndGlobalSection
	GlobalSection(ProjectConfigurationPlatforms) = postSolution
		{74445C90-5320-4612-90A2-3CD09E34146A}.Debug|Any CPU.ActiveCfg = Debug|Any CPU
		{74445C90-5320-4612-90A2-3CD09E34146A}.Debug|Any CPU.Build.0 = Debug|Any CPU
		{74445C90-5320-4612-90A2-3CD09E34146A}.Release|Any CPU.ActiveCfg = Release|Any CPU
		{74445C90-5320-4612-90A2-3CD09E34146A}.Release|Any CPU.Build.0 = Release|Any CPU
	EndGlobalSection
	GlobalSection(SolutionProperties) = preSolution
		HideSolutionNode = FALSE
	EndGlobalSection
	GlobalSection(ExtensibilityGlobals) = postSolution
		SolutionGuid = {70009F7C-5F2D-478D-8194-CF2E3508A100}
	EndGlobalSection
EndGlobal
